
Microsoft Visual Studio Solution File, Format Version 12.00
# Visual Studio Version 16
VisualStudioVersion = 16.0.31515.178
MinimumVisualStudioVersion = 10.0.40219.1
Project("{FAE04EC0-301F-11D3-BF4B-00C04F79EFBC}") = "OperatorOverloading", "OperatorOverloading\OperatorOverloading.csproj", "{ABC27196-3E6E-4AC0-892D-FD74D59ECF20}"
EndProject
Global
	GlobalSection(SolutionConfigurationPlatforms) = preSolution
		Debug|Any CPU = Debug|Any CPU
		Release|Any CPU = Release|Any CPU
	EndGlobalSection
	GlobalSection(ProjectConfigurationPlatforms) = postSolution
		{ABC27196-3E6E-4AC0-892D-FD74D59ECF20}.Debug|Any CPU.ActiveCfg = Debug|Any CPU
		{ABC27196-3E6E-4AC0-892D-FD74D59ECF20}.Debug|Any CPU.Build.0 = Debug|Any CPU
		{ABC27196-3E6E-4AC0-892D-FD74D59ECF20}.Release|Any CPU.ActiveCfg = Release|Any CPU
		{ABC27196-3E6E-4AC0-892D-FD74D59ECF20}.Release|Any CPU.Build.0 = Release|Any CPU
	EndGlobalSection
	GlobalSection(SolutionProperties) = preSolution
		HideSolutionNode = FALSE
	EndGlobalSection
	GlobalSection(ExtensibilityGlobals) = postSolution
		SolutionGuid = {1FE1DF21-E72B-4796-B278-87E2A32AB2E5}
	EndGlobalSection
EndGlobal
