
Microsoft Visual Studio Solution File, Format Version 12.00
# Visual Studio Version 16
VisualStudioVersion = 16.0.31515.178
MinimumVisualStudioVersion = 10.0.40219.1
Project("{FAE04EC0-301F-11D3-BF4B-00C04F79EFBC}") = "SingleLevelInheritance", "SingleLevelInheritance\SingleLevelInheritance.csproj", "{3BDC770D-77D8-4736-9847-71473D54F9C0}"
EndProject
Global
	GlobalSection(SolutionConfigurationPlatforms) = preSolution
		Debug|Any CPU = Debug|Any CPU
		Release|Any CPU = Release|Any CPU
	EndGlobalSection
	GlobalSection(ProjectConfigurationPlatforms) = postSolution
		{3BDC770D-77D8-4736-9847-71473D54F9C0}.Debug|Any CPU.ActiveCfg = Debug|Any CPU
		{3BDC770D-77D8-4736-9847-71473D54F9C0}.Debug|Any CPU.Build.0 = Debug|Any CPU
		{3BDC770D-77D8-4736-9847-71473D54F9C0}.Release|Any CPU.ActiveCfg = Release|Any CPU
		{3BDC770D-77D8-4736-9847-71473D54F9C0}.Release|Any CPU.Build.0 = Release|Any CPU
	EndGlobalSection
	GlobalSection(SolutionProperties) = preSolution
		HideSolutionNode = FALSE
	EndGlobalSection
	GlobalSection(ExtensibilityGlobals) = postSolution
		SolutionGuid = {0EB6239E-1F12-48AD-9BCF-9554C4471CE3}
	EndGlobalSection
EndGlobal
