
Microsoft Visual Studio Solution File, Format Version 12.00
# Visual Studio Version 16
VisualStudioVersion = 16.0.31515.178
MinimumVisualStudioVersion = 10.0.40219.1
Project("{FAE04EC0-301F-11D3-BF4B-00C04F79EFBC}") = "SortedList", "SortedList\SortedList.csproj", "{626B513D-60FF-4E4D-9BDB-784E6A644D64}"
EndProject
Global
	GlobalSection(SolutionConfigurationPlatforms) = preSolution
		Debug|Any CPU = Debug|Any CPU
		Release|Any CPU = Release|Any CPU
	EndGlobalSection
	GlobalSection(ProjectConfigurationPlatforms) = postSolution
		{626B513D-60FF-4E4D-9BDB-784E6A644D64}.Debug|Any CPU.ActiveCfg = Debug|Any CPU
		{626B513D-60FF-4E4D-9BDB-784E6A644D64}.Debug|Any CPU.Build.0 = Debug|Any CPU
		{626B513D-60FF-4E4D-9BDB-784E6A644D64}.Release|Any CPU.ActiveCfg = Release|Any CPU
		{626B513D-60FF-4E4D-9BDB-784E6A644D64}.Release|Any CPU.Build.0 = Release|Any CPU
	EndGlobalSection
	GlobalSection(SolutionProperties) = preSolution
		HideSolutionNode = FALSE
	EndGlobalSection
	GlobalSection(ExtensibilityGlobals) = postSolution
		SolutionGuid = {474AC256-259A-48C5-92EF-568F744618CD}
	EndGlobalSection
EndGlobal
