
Microsoft Visual Studio Solution File, Format Version 12.00
# Visual Studio Version 16
VisualStudioVersion = 16.0.31515.178
MinimumVisualStudioVersion = 10.0.40219.1
Project("{FAE04EC0-301F-11D3-BF4B-00C04F79EFBC}") = "Queue", "Queue\Queue.csproj", "{C6BA8001-78E3-4CB8-8B5F-C0DACED8D61A}"
EndProject
Global
	GlobalSection(SolutionConfigurationPlatforms) = preSolution
		Debug|Any CPU = Debug|Any CPU
		Release|Any CPU = Release|Any CPU
	EndGlobalSection
	GlobalSection(ProjectConfigurationPlatforms) = postSolution
		{C6BA8001-78E3-4CB8-8B5F-C0DACED8D61A}.Debug|Any CPU.ActiveCfg = Debug|Any CPU
		{C6BA8001-78E3-4CB8-8B5F-C0DACED8D61A}.Debug|Any CPU.Build.0 = Debug|Any CPU
		{C6BA8001-78E3-4CB8-8B5F-C0DACED8D61A}.Release|Any CPU.ActiveCfg = Release|Any CPU
		{C6BA8001-78E3-4CB8-8B5F-C0DACED8D61A}.Release|Any CPU.Build.0 = Release|Any CPU
	EndGlobalSection
	GlobalSection(SolutionProperties) = preSolution
		HideSolutionNode = FALSE
	EndGlobalSection
	GlobalSection(ExtensibilityGlobals) = postSolution
		SolutionGuid = {EC2B4205-8C00-4F79-B2E5-6FB885A78A4E}
	EndGlobalSection
EndGlobal
