
Microsoft Visual Studio Solution File, Format Version 12.00
# Visual Studio Version 16
VisualStudioVersion = 16.0.31515.178
MinimumVisualStudioVersion = 10.0.40219.1
Project("{FAE04EC0-301F-11D3-BF4B-00C04F79EFBC}") = "SortedDictionary", "SortedDictionary\SortedDictionary.csproj", "{61896F54-CD9C-4D7B-88F0-0255AF49B623}"
EndProject
Global
	GlobalSection(SolutionConfigurationPlatforms) = preSolution
		Debug|Any CPU = Debug|Any CPU
		Release|Any CPU = Release|Any CPU
	EndGlobalSection
	GlobalSection(ProjectConfigurationPlatforms) = postSolution
		{61896F54-CD9C-4D7B-88F0-0255AF49B623}.Debug|Any CPU.ActiveCfg = Debug|Any CPU
		{61896F54-CD9C-4D7B-88F0-0255AF49B623}.Debug|Any CPU.Build.0 = Debug|Any CPU
		{61896F54-CD9C-4D7B-88F0-0255AF49B623}.Release|Any CPU.ActiveCfg = Release|Any CPU
		{61896F54-CD9C-4D7B-88F0-0255AF49B623}.Release|Any CPU.Build.0 = Release|Any CPU
	EndGlobalSection
	GlobalSection(SolutionProperties) = preSolution
		HideSolutionNode = FALSE
	EndGlobalSection
	GlobalSection(ExtensibilityGlobals) = postSolution
		SolutionGuid = {3C4A2C71-4596-4F32-AF3D-3E0C440D1D55}
	EndGlobalSection
EndGlobal
